
Microsoft Visual Studio Solution File, Format Version 12.00
# Visual Studio Version 17
VisualStudioVersion = 17.3.32804.467
MinimumVisualStudioVersion = 10.0.40219.1
Project("{FAE04EC0-301F-11D3-BF4B-00C04F79EFBC}") = "kg_lab1", "kg_lab1\kg_lab1.csproj", "{E09C8A7D-B456-4260-ACFF-3361D8B78C4D}"
EndProject
Global
	GlobalSection(SolutionConfigurationPlatforms) = preSolution
		Debug|Any CPU = Debug|Any CPU
		Release|Any CPU = Release|Any CPU
	EndGlobalSection
	GlobalSection(ProjectConfigurationPlatforms) = postSolution
		{E09C8A7D-B456-4260-ACFF-3361D8B78C4D}.Debug|Any CPU.ActiveCfg = Debug|Any CPU
		{E09C8A7D-B456-4260-ACFF-3361D8B78C4D}.Debug|Any CPU.Build.0 = Debug|Any CPU
		{E09C8A7D-B456-4260-ACFF-3361D8B78C4D}.Release|Any CPU.ActiveCfg = Release|Any CPU
		{E09C8A7D-B456-4260-ACFF-3361D8B78C4D}.Release|Any CPU.Build.0 = Release|Any CPU
	EndGlobalSection
	GlobalSection(SolutionProperties) = preSolution
		HideSolutionNode = FALSE
	EndGlobalSection
	GlobalSection(ExtensibilityGlobals) = postSolution
		SolutionGuid = {DED58FFC-331F-4E51-A990-E5F2AFDB53D9}
	EndGlobalSection
EndGlobal
